
Microsoft Visual Studio Solution File, Format Version 12.00
# Visual Studio Version 17
VisualStudioVersion = 17.2.32519.379
MinimumVisualStudioVersion = 10.0.40219.1
Project("{9A19103F-16F7-4668-BE54-9A1E7A4F7556}") = "Day01", "Day01\Day01.csproj", "{06932291-9D50-4C99-B031-4391FE16DBC3}"
EndProject
Project("{9A19103F-16F7-4668-BE54-9A1E7A4F7556}") = "Shared", "Shared\Shared.csproj", "{7E4D751B-1E7D-4C16-A17B-E23B7A005B20}"
EndProject
Project("{9A19103F-16F7-4668-BE54-9A1E7A4F7556}") = "Day02", "Day02\Day02.csproj", "{8AFFCB32-D1A8-48BF-82D6-FCDE85DF3DBF}"
EndProject
Project("{9A19103F-16F7-4668-BE54-9A1E7A4F7556}") = "Day03", "Day03\Day03.csproj", "{C4CFE811-5264-4F3E-8567-977C42D1C875}"
EndProject
Project("{9A19103F-16F7-4668-BE54-9A1E7A4F7556}") = "Day04", "Day04\Day04.csproj", "{2395BC12-9CDE-4732-9B51-D9A8BE940211}"
EndProject
Project("{9A19103F-16F7-4668-BE54-9A1E7A4F7556}") = "Day05", "Day05\Day05.csproj", "{CA627F13-CB49-483F-9DC4-2CCEBC7383B9}"
EndProject
Project("{9A19103F-16F7-4668-BE54-9A1E7A4F7556}") = "Day06", "Day06\Day06.csproj", "{68BAC317-3B6F-4BB4-8128-5714005041D7}"
EndProject
Project("{9A19103F-16F7-4668-BE54-9A1E7A4F7556}") = "Day07", "Day07\Day07.csproj", "{E2EDD5F0-1AC0-4A67-9198-20678F5ECCC8}"
EndProject
Project("{9A19103F-16F7-4668-BE54-9A1E7A4F7556}") = "Day08", "Day08\Day08.csproj", "{6600736E-DB04-4E49-8B8F-9413867F5771}"
EndProject
Project("{9A19103F-16F7-4668-BE54-9A1E7A4F7556}") = "Day09", "Day09\Day09.csproj", "{121F2A9E-6094-4D39-90E7-CBCB4046BF80}"
EndProject
Project("{9A19103F-16F7-4668-BE54-9A1E7A4F7556}") = "Day10", "Day10\Day10.csproj", "{86ADECDC-76B9-4872-AF15-94C414249476}"
EndProject
Project("{9A19103F-16F7-4668-BE54-9A1E7A4F7556}") = "Day11", "Day11\Day11.csproj", "{5D1012E4-0EE9-4B33-B06C-8CA30120C7D1}"
EndProject
Project("{FAE04EC0-301F-11D3-BF4B-00C04F79EFBC}") = "Day12", "Day12\Day12.csproj", "{AABAB66C-69C8-44C1-8566-5DF915AF3E82}"
EndProject
Project("{FAE04EC0-301F-11D3-BF4B-00C04F79EFBC}") = "Day13", "Day13\Day13.csproj", "{07F8AD3E-63D4-41F4-B514-7E3A516CC6F9}"
EndProject
Global
	GlobalSection(SolutionConfigurationPlatforms) = preSolution
		Debug|Any CPU = Debug|Any CPU
		Release|Any CPU = Release|Any CPU
	EndGlobalSection
	GlobalSection(ProjectConfigurationPlatforms) = postSolution
		{06932291-9D50-4C99-B031-4391FE16DBC3}.Debug|Any CPU.ActiveCfg = Debug|Any CPU
		{06932291-9D50-4C99-B031-4391FE16DBC3}.Debug|Any CPU.Build.0 = Debug|Any CPU
		{06932291-9D50-4C99-B031-4391FE16DBC3}.Release|Any CPU.ActiveCfg = Release|Any CPU
		{06932291-9D50-4C99-B031-4391FE16DBC3}.Release|Any CPU.Build.0 = Release|Any CPU
		{7E4D751B-1E7D-4C16-A17B-E23B7A005B20}.Debug|Any CPU.ActiveCfg = Debug|Any CPU
		{7E4D751B-1E7D-4C16-A17B-E23B7A005B20}.Debug|Any CPU.Build.0 = Debug|Any CPU
		{7E4D751B-1E7D-4C16-A17B-E23B7A005B20}.Release|Any CPU.ActiveCfg = Release|Any CPU
		{7E4D751B-1E7D-4C16-A17B-E23B7A005B20}.Release|Any CPU.Build.0 = Release|Any CPU
		{8AFFCB32-D1A8-48BF-82D6-FCDE85DF3DBF}.Debug|Any CPU.ActiveCfg = Debug|Any CPU
		{8AFFCB32-D1A8-48BF-82D6-FCDE85DF3DBF}.Debug|Any CPU.Build.0 = Debug|Any CPU
		{8AFFCB32-D1A8-48BF-82D6-FCDE85DF3DBF}.Release|Any CPU.ActiveCfg = Release|Any CPU
		{8AFFCB32-D1A8-48BF-82D6-FCDE85DF3DBF}.Release|Any CPU.Build.0 = Release|Any CPU
		{C4CFE811-5264-4F3E-8567-977C42D1C875}.Debug|Any CPU.ActiveCfg = Debug|Any CPU
		{C4CFE811-5264-4F3E-8567-977C42D1C875}.Debug|Any CPU.Build.0 = Debug|Any CPU
		{C4CFE811-5264-4F3E-8567-977C42D1C875}.Release|Any CPU.ActiveCfg = Release|Any CPU
		{C4CFE811-5264-4F3E-8567-977C42D1C875}.Release|Any CPU.Build.0 = Release|Any CPU
		{2395BC12-9CDE-4732-9B51-D9A8BE940211}.Debug|Any CPU.ActiveCfg = Debug|Any CPU
		{2395BC12-9CDE-4732-9B51-D9A8BE940211}.Debug|Any CPU.Build.0 = Debug|Any CPU
		{2395BC12-9CDE-4732-9B51-D9A8BE940211}.Release|Any CPU.ActiveCfg = Release|Any CPU
		{2395BC12-9CDE-4732-9B51-D9A8BE940211}.Release|Any CPU.Build.0 = Release|Any CPU
		{CA627F13-CB49-483F-9DC4-2CCEBC7383B9}.Debug|Any CPU.ActiveCfg = Debug|Any CPU
		{CA627F13-CB49-483F-9DC4-2CCEBC7383B9}.Debug|Any CPU.Build.0 = Debug|Any CPU
		{CA627F13-CB49-483F-9DC4-2CCEBC7383B9}.Release|Any CPU.ActiveCfg = Release|Any CPU
		{CA627F13-CB49-483F-9DC4-2CCEBC7383B9}.Release|Any CPU.Build.0 = Release|Any CPU
		{68BAC317-3B6F-4BB4-8128-5714005041D7}.Debug|Any CPU.ActiveCfg = Debug|Any CPU
		{68BAC317-3B6F-4BB4-8128-5714005041D7}.Debug|Any CPU.Build.0 = Debug|Any CPU
		{68BAC317-3B6F-4BB4-8128-5714005041D7}.Release|Any CPU.ActiveCfg = Release|Any CPU
		{68BAC317-3B6F-4BB4-8128-5714005041D7}.Release|Any CPU.Build.0 = Release|Any CPU
		{E2EDD5F0-1AC0-4A67-9198-20678F5ECCC8}.Debug|Any CPU.ActiveCfg = Debug|Any CPU
		{E2EDD5F0-1AC0-4A67-9198-20678F5ECCC8}.Debug|Any CPU.Build.0 = Debug|Any CPU
		{E2EDD5F0-1AC0-4A67-9198-20678F5ECCC8}.Release|Any CPU.ActiveCfg = Release|Any CPU
		{E2EDD5F0-1AC0-4A67-9198-20678F5ECCC8}.Release|Any CPU.Build.0 = Release|Any CPU
		{6600736E-DB04-4E49-8B8F-9413867F5771}.Debug|Any CPU.ActiveCfg = Debug|Any CPU
		{6600736E-DB04-4E49-8B8F-9413867F5771}.Debug|Any CPU.Build.0 = Debug|Any CPU
		{6600736E-DB04-4E49-8B8F-9413867F5771}.Release|Any CPU.ActiveCfg = Release|Any CPU
		{6600736E-DB04-4E49-8B8F-9413867F5771}.Release|Any CPU.Build.0 = Release|Any CPU
		{121F2A9E-6094-4D39-90E7-CBCB4046BF80}.Debug|Any CPU.ActiveCfg = Debug|Any CPU
		{121F2A9E-6094-4D39-90E7-CBCB4046BF80}.Debug|Any CPU.Build.0 = Debug|Any CPU
		{121F2A9E-6094-4D39-90E7-CBCB4046BF80}.Release|Any CPU.ActiveCfg = Release|Any CPU
		{121F2A9E-6094-4D39-90E7-CBCB4046BF80}.Release|Any CPU.Build.0 = Release|Any CPU
		{86ADECDC-76B9-4872-AF15-94C414249476}.Debug|Any CPU.ActiveCfg = Debug|Any CPU
		{86ADECDC-76B9-4872-AF15-94C414249476}.Debug|Any CPU.Build.0 = Debug|Any CPU
		{86ADECDC-76B9-4872-AF15-94C414249476}.Release|Any CPU.ActiveCfg = Release|Any CPU
		{86ADECDC-76B9-4872-AF15-94C414249476}.Release|Any CPU.Build.0 = Release|Any CPU
		{5D1012E4-0EE9-4B33-B06C-8CA30120C7D1}.Debug|Any CPU.ActiveCfg = Debug|Any CPU
		{5D1012E4-0EE9-4B33-B06C-8CA30120C7D1}.Debug|Any CPU.Build.0 = Debug|Any CPU
		{5D1012E4-0EE9-4B33-B06C-8CA30120C7D1}.Release|Any CPU.ActiveCfg = Release|Any CPU
		{5D1012E4-0EE9-4B33-B06C-8CA30120C7D1}.Release|Any CPU.Build.0 = Release|Any CPU
		{AABAB66C-69C8-44C1-8566-5DF915AF3E82}.Debug|Any CPU.ActiveCfg = Debug|Any CPU
		{AABAB66C-69C8-44C1-8566-5DF915AF3E82}.Debug|Any CPU.Build.0 = Debug|Any CPU
		{AABAB66C-69C8-44C1-8566-5DF915AF3E82}.Release|Any CPU.ActiveCfg = Release|Any CPU
		{AABAB66C-69C8-44C1-8566-5DF915AF3E82}.Release|Any CPU.Build.0 = Release|Any CPU
		{07F8AD3E-63D4-41F4-B514-7E3A516CC6F9}.Debug|Any CPU.ActiveCfg = Debug|Any CPU
		{07F8AD3E-63D4-41F4-B514-7E3A516CC6F9}.Debug|Any CPU.Build.0 = Debug|Any CPU
		{07F8AD3E-63D4-41F4-B514-7E3A516CC6F9}.Release|Any CPU.ActiveCfg = Release|Any CPU
		{07F8AD3E-63D4-41F4-B514-7E3A516CC6F9}.Release|Any CPU.Build.0 = Release|Any CPU
	EndGlobalSection
	GlobalSection(SolutionProperties) = preSolution
		HideSolutionNode = FALSE
	EndGlobalSection
	GlobalSection(ExtensibilityGlobals) = postSolution
		SolutionGuid = {5F8EF807-1791-4239-A3F5-4805E6B740CC}
	EndGlobalSection
EndGlobal
